<?xml version="1.0" encoding="utf-8"?>
<Project ToolsVersion="4.0" xmlns="http://schemas.microsoft.com/developer/msbuild/2003">
  <ItemGroup>
    <Filter Include="src">
      <UniqueIdentifier>{e1351447-700d-4ab3-beb3-f127abf96a6b}</UniqueIdentifier>
    </Filter>
    <Filter Include="src\Game Element">
      <UniqueIdentifier>{40df14ab-f1d1-472f-8f63-f49c1e520ad6}</UniqueIdentifier>
    </Filter>
    <Filter Include="src\Game Object">
      <UniqueIdentifier>{6b762107-a9a3-41be-8c0c-e6f780d836e4}</UniqueIdentifier>
    </Filter>
  </ItemGroup>
  <ItemGroup>
    <ClCompile Include="..\src\main.cpp">
      <Filter>src</Filter>
    </ClCompile>
    <ClCompile Include="..\src\Game Element\Flappy_Bird.cpp">
      <Filter>src\Game Element</Filter>
    </ClCompile>
    <ClCompile Include="..\src\Game Objects\Player.cpp">
      <Filter>src\Game Object</Filter>
    </ClCompile>
  </ItemGroup>
  <ItemGroup>
    <ClInclude Include="..\src\Game Element\Flappy_Bird.h">
      <Filter>src\Game Element</Filter>
    </ClInclude>
    <ClInclude Include="..\src\Game Objects\Player.h">
      <Filter>src\Game Object</Filter>
    </ClInclude>
  </ItemGroup>
</Project>