<?xml version="1.0" encoding="utf-8"?>
<Project ToolsVersion="4.0" xmlns="http://schemas.microsoft.com/developer/msbuild/2003">
  <ItemGroup>
    <Filter Include="src">
      <UniqueIdentifier>{e1351447-700d-4ab3-beb3-f127abf96a6b}</UniqueIdentifier>
    </Filter>
    <Filter Include="src\Game Element">
      <UniqueIdentifier>{40df14ab-f1d1-472f-8f63-f49c1e520ad6}</UniqueIdentifier>
    </Filter>
    <Filter Include="src\Game Object">
      <UniqueIdentifier>{6b762107-a9a3-41be-8c0c-e6f780d836e4}</UniqueIdentifier>
    </Filter>
    <Filter Include="resource">
      <UniqueIdentifier>{78e5454a-7be8-4a4c-9cc1-49c79b9a336b}</UniqueIdentifier>
    </Filter>
    <Filter Include="resource\assets">
      <UniqueIdentifier>{b8e00ff6-70df-42ce-a418-30a7d61aa765}</UniqueIdentifier>
    </Filter>
    <Filter Include="resource\assets\Kenney.nl">
      <UniqueIdentifier>{16bb514c-b7e4-4fe1-8cd8-23eae1e11001}</UniqueIdentifier>
    </Filter>
    <Filter Include="resource\assets\Kenney.nl\PNG">
      <UniqueIdentifier>{e1395aad-1c28-47be-aa6e-9fa0e8ba1ce9}</UniqueIdentifier>
    </Filter>
    <Filter Include="resource\assets\CoolText">
      <UniqueIdentifier>{297c3f4b-bacc-4b92-8a00-376e720e4985}</UniqueIdentifier>
    </Filter>
    <Filter Include="resource\assets\sound">
      <UniqueIdentifier>{af22a8bd-05a0-4f7c-9f54-30191860d7d1}</UniqueIdentifier>
    </Filter>
  </ItemGroup>
  <ItemGroup>
    <ClCompile Include="..\src\main.cpp">
      <Filter>src</Filter>
    </ClCompile>
    <ClCompile Include="..\src\Game Element\Flappy_Bird.cpp">
      <Filter>src\Game Element</Filter>
    </ClCompile>
    <ClCompile Include="..\src\Game Objects\Player.cpp">
      <Filter>src\Game Object</Filter>
    </ClCompile>
    <ClCompile Include="..\src\Game Element\Sky.cpp">
      <Filter>src\Game Element</Filter>
    </ClCompile>
    <ClCompile Include="..\src\Game Objects\Back_Ground.cpp">
      <Filter>src\Game Object</Filter>
    </ClCompile>
    <ClCompile Include="..\src\Game Objects\pipeline.cpp">
      <Filter>src\Game Object</Filter>
    </ClCompile>
  </ItemGroup>
  <ItemGroup>
    <ClInclude Include="..\src\Game Element\Flappy_Bird.h">
      <Filter>src\Game Element</Filter>
    </ClInclude>
    <ClInclude Include="..\src\Game Objects\Player.h">
      <Filter>src\Game Object</Filter>
    </ClInclude>
    <ClInclude Include="..\src\Game Element\Sky.h">
      <Filter>src\Game Element</Filter>
    </ClInclude>
    <ClInclude Include="..\src\Game Objects\Back_Ground.h">
      <Filter>src\Game Object</Filter>
    </ClInclude>
    <ClInclude Include="..\src\Game Objects\Pipeline.h">
      <Filter>src\Game Object</Filter>
    </ClInclude>
  </ItemGroup>
  <ItemGroup>
    <Image Include="..\resource\assets\sky1Background-1.png">
      <Filter>resource\assets</Filter>
    </Image>
    <Image Include="..\resource\assets\Kenney.nl\PNG\Planes\planeRed1.png">
      <Filter>resource\assets\Kenney.nl\PNG</Filter>
    </Image>
    <Image Include="..\resource\assets\sky2Background.png">
      <Filter>resource\assets</Filter>
    </Image>
    <Image Include="..\resource\assets\coolText\Exit.png">
      <Filter>resource\assets\CoolText</Filter>
    </Image>
    <Image Include="..\resource\assets\coolText\Play.png">
      <Filter>resource\assets\CoolText</Filter>
    </Image>
    <Image Include="..\resource\assets\coolText\Title.png">
      <Filter>resource\assets\CoolText</Filter>
    </Image>
    <Image Include="..\resource\assets\CreditsScreen.png">
      <Filter>resource\assets</Filter>
    </Image>
    <Image Include="..\resource\assets\Pipeline.png">
      <Filter>resource\assets</Filter>
    </Image>
    <Image Include="..\resource\assets\sky1Background.png">
      <Filter>resource\assets</Filter>
    </Image>
    <Image Include="..\resource\assets\coolText\Credits.png">
      <Filter>resource\assets\CoolText</Filter>
    </Image>
  </ItemGroup>
  <ItemGroup>
    <Media Include="..\resource\assets\sound\LossSong.wav">
      <Filter>resource\assets\sound</Filter>
    </Media>
    <Media Include="..\resource\assets\sound\menuSelector.wav">
      <Filter>resource\assets\sound</Filter>
    </Media>
  </ItemGroup>
  <ItemGroup>
    <None Include="..\resource\assets\sound\menu.ogg">
      <Filter>resource\assets\sound</Filter>
    </None>
    <None Include="..\resource\assets\sound\musicGameplay.ogg">
      <Filter>resource\assets\sound</Filter>
    </None>
  </ItemGroup>
</Project>